// !$*UTF8*$!
{
	archiveVersion = 1;
	classes = {
	};
	objectVersion = 56;
	objects = {

/* Begin PBXBuildFile section */
		0CD1E21F124935E54DE0A9A6 /* Pods_NewsReader.framework in Frameworks */ = {isa = PBXBuildFile; fileRef = 112BDF4117C21A875B6A9B51 /* Pods_NewsReader.framework */; };
		8232F3A32A016095008E6408 /* TopNewsViewCell.swift in Sources */ = {isa = PBXBuildFile; fileRef = 8232F3A22A016095008E6408 /* TopNewsViewCell.swift */; };
		827A66F22A012B8800EE55EC /* NewsViewCell.swift in Sources */ = {isa = PBXBuildFile; fileRef = 827A66F12A012B8800EE55EC /* NewsViewCell.swift */; };
		827A66F42A015BC500EE55EC /* TopNewsListViewCell.swift in Sources */ = {isa = PBXBuildFile; fileRef = 827A66F32A015BC500EE55EC /* TopNewsListViewCell.swift */; };
		82A0460E29FFFF1A00EADCCD /* Alamofire in Frameworks */ = {isa = PBXBuildFile; productRef = 82A0460D29FFFF1A00EADCCD /* Alamofire */; };
		82A046112A00014300EADCCD /* HomeViewController.swift in Sources */ = {isa = PBXBuildFile; fileRef = 82A046102A00014300EADCCD /* HomeViewController.swift */; };
		82C3A83729FB3414006138AE /* AppDelegate.swift in Sources */ = {isa = PBXBuildFile; fileRef = 82C3A83629FB3414006138AE /* AppDelegate.swift */; };
		82C3A83929FB3414006138AE /* SceneDelegate.swift in Sources */ = {isa = PBXBuildFile; fileRef = 82C3A83829FB3414006138AE /* SceneDelegate.swift */; };
		82C3A83B29FB3414006138AE /* ViewController.swift in Sources */ = {isa = PBXBuildFile; fileRef = 82C3A83A29FB3414006138AE /* ViewController.swift */; };
		82C3A83E29FB3414006138AE /* Main.storyboard in Resources */ = {isa = PBXBuildFile; fileRef = 82C3A83C29FB3414006138AE /* Main.storyboard */; };
		82C3A84029FB3415006138AE /* Assets.xcassets in Resources */ = {isa = PBXBuildFile; fileRef = 82C3A83F29FB3415006138AE /* Assets.xcassets */; };
		82C3A84329FB3415006138AE /* LaunchScreen.storyboard in Resources */ = {isa = PBXBuildFile; fileRef = 82C3A84129FB3415006138AE /* LaunchScreen.storyboard */; };
		82DED4A629FC06D5000E733C /* NewsResponse.swift in Sources */ = {isa = PBXBuildFile; fileRef = 82DED4A529FC06D5000E733C /* NewsResponse.swift */; };
		82DED4A829FC072B000E733C /* News.swift in Sources */ = {isa = PBXBuildFile; fileRef = 82DED4A729FC072B000E733C /* News.swift */; };
		82DED4AB29FC074F000E733C /* ApiService.swift in Sources */ = {isa = PBXBuildFile; fileRef = 82DED4AA29FC074F000E733C /* ApiService.swift */; };
		82DED4AD29FC075C000E733C /* Media.swift in Sources */ = {isa = PBXBuildFile; fileRef = 82DED4AC29FC075C000E733C /* Media.swift */; };
		82DED4AF29FC076A000E733C /* MediaMetadata.swift in Sources */ = {isa = PBXBuildFile; fileRef = 82DED4AE29FC076A000E733C /* MediaMetadata.swift */; };
/* End PBXBuildFile section */

/* Begin PBXFileReference section */
		112BDF4117C21A875B6A9B51 /* Pods_NewsReader.framework */ = {isa = PBXFileReference; explicitFileType = wrapper.framework; includeInIndex = 0; path = Pods_NewsReader.framework; sourceTree = BUILT_PRODUCTS_DIR; };
		2765A46C03258573519BEE9E /* Pods-NewsReader.debug.xcconfig */ = {isa = PBXFileReference; includeInIndex = 1; lastKnownFileType = text.xcconfig; name = "Pods-NewsReader.debug.xcconfig"; path = "Target Support Files/Pods-NewsReader/Pods-NewsReader.debug.xcconfig"; sourceTree = "<group>"; };
		8232F3A22A016095008E6408 /* TopNewsViewCell.swift */ = {isa = PBXFileReference; lastKnownFileType = sourcecode.swift; path = TopNewsViewCell.swift; sourceTree = "<group>"; };
		827A66F12A012B8800EE55EC /* NewsViewCell.swift */ = {isa = PBXFileReference; lastKnownFileType = sourcecode.swift; path = NewsViewCell.swift; sourceTree = "<group>"; };
		827A66F32A015BC500EE55EC /* TopNewsListViewCell.swift */ = {isa = PBXFileReference; lastKnownFileType = sourcecode.swift; path = TopNewsListViewCell.swift; sourceTree = "<group>"; };
		82A046102A00014300EADCCD /* HomeViewController.swift */ = {isa = PBXFileReference; lastKnownFileType = sourcecode.swift; path = HomeViewController.swift; sourceTree = "<group>"; };
		82C3A83329FB3414006138AE /* NewsReader.app */ = {isa = PBXFileReference; explicitFileType = wrapper.application; includeInIndex = 0; path = NewsReader.app; sourceTree = BUILT_PRODUCTS_DIR; };
		82C3A83629FB3414006138AE /* AppDelegate.swift */ = {isa = PBXFileReference; lastKnownFileType = sourcecode.swift; path = AppDelegate.swift; sourceTree = "<group>"; };
		82C3A83829FB3414006138AE /* SceneDelegate.swift */ = {isa = PBXFileReference; lastKnownFileType = sourcecode.swift; path = SceneDelegate.swift; sourceTree = "<group>"; };
		82C3A83A29FB3414006138AE /* ViewController.swift */ = {isa = PBXFileReference; lastKnownFileType = sourcecode.swift; path = ViewController.swift; sourceTree = "<group>"; };
		82C3A83D29FB3414006138AE /* Base */ = {isa = PBXFileReference; lastKnownFileType = file.storyboard; name = Base; path = Base.lproj/Main.storyboard; sourceTree = "<group>"; };
		82C3A83F29FB3415006138AE /* Assets.xcassets */ = {isa = PBXFileReference; lastKnownFileType = folder.assetcatalog; path = Assets.xcassets; sourceTree = "<group>"; };
		82C3A84229FB3415006138AE /* Base */ = {isa = PBXFileReference; lastKnownFileType = file.storyboard; name = Base; path = Base.lproj/LaunchScreen.storyboard; sourceTree = "<group>"; };
		82C3A84429FB3415006138AE /* Info.plist */ = {isa = PBXFileReference; lastKnownFileType = text.plist.xml; path = Info.plist; sourceTree = "<group>"; };
		82DED4A529FC06D5000E733C /* NewsResponse.swift */ = {isa = PBXFileReference; lastKnownFileType = sourcecode.swift; path = NewsResponse.swift; sourceTree = "<group>"; };
		82DED4A729FC072B000E733C /* News.swift */ = {isa = PBXFileReference; lastKnownFileType = sourcecode.swift; path = News.swift; sourceTree = "<group>"; };
		82DED4AA29FC074F000E733C /* ApiService.swift */ = {isa = PBXFileReference; lastKnownFileType = sourcecode.swift; path = ApiService.swift; sourceTree = "<group>"; };
		82DED4AC29FC075C000E733C /* Media.swift */ = {isa = PBXFileReference; lastKnownFileType = sourcecode.swift; path = Media.swift; sourceTree = "<group>"; };
		82DED4AE29FC076A000E733C /* MediaMetadata.swift */ = {isa = PBXFileReference; lastKnownFileType = sourcecode.swift; path = MediaMetadata.swift; sourceTree = "<group>"; };
		AA8CE29309EEA4228AD4B680 /* Pods-NewsReader.release.xcconfig */ = {isa = PBXFileReference; includeInIndex = 1; lastKnownFileType = text.xcconfig; name = "Pods-NewsReader.release.xcconfig"; path = "Target Support Files/Pods-NewsReader/Pods-NewsReader.release.xcconfig"; sourceTree = "<group>"; };
/* End PBXFileReference section */

/* Begin PBXFrameworksBuildPhase section */
		82C3A83029FB3414006138AE /* Frameworks */ = {
			isa = PBXFrameworksBuildPhase;
			buildActionMask = 2147483647;
			files = (
				0CD1E21F124935E54DE0A9A6 /* Pods_NewsReader.framework in Frameworks */,
				82A0460E29FFFF1A00EADCCD /* Alamofire in Frameworks */,
			);
			runOnlyForDeploymentPostprocessing = 0;
		};
/* End PBXFrameworksBuildPhase section */

/* Begin PBXGroup section */
		82A0460F2A00010600EADCCD /* Home */ = {
			isa = PBXGroup;
			children = (
				82A046102A00014300EADCCD /* HomeViewController.swift */,
				827A66F12A012B8800EE55EC /* NewsViewCell.swift */,
				827A66F32A015BC500EE55EC /* TopNewsListViewCell.swift */,
				8232F3A22A016095008E6408 /* TopNewsViewCell.swift */,
			);
			path = Home;
			sourceTree = "<group>";
		};
		82C3A82A29FB3414006138AE = {
			isa = PBXGroup;
			children = (
				82C3A83529FB3414006138AE /* NewsReader */,
				82C3A83429FB3414006138AE /* Products */,
				B6B05F64EE3D422A0AA1780B /* Pods */,
				9981E13C2944A9A4F3EAE1A9 /* Frameworks */,
			);
			sourceTree = "<group>";
		};
		82C3A83429FB3414006138AE /* Products */ = {
			isa = PBXGroup;
			children = (
				82C3A83329FB3414006138AE /* NewsReader.app */,
			);
			name = Products;
			sourceTree = "<group>";
		};
		82C3A83529FB3414006138AE /* NewsReader */ = {
			isa = PBXGroup;
			children = (
				82A0460F2A00010600EADCCD /* Home */,
				82DED4A929FC073C000E733C /* Services */,
				82DED4A429FC06BE000E733C /* Models */,
				82C3A83629FB3414006138AE /* AppDelegate.swift */,
				82C3A83829FB3414006138AE /* SceneDelegate.swift */,
				82C3A83A29FB3414006138AE /* ViewController.swift */,
				82C3A83C29FB3414006138AE /* Main.storyboard */,
				82C3A83F29FB3415006138AE /* Assets.xcassets */,
				82C3A84129FB3415006138AE /* LaunchScreen.storyboard */,
				82C3A84429FB3415006138AE /* Info.plist */,
			);
			path = NewsReader;
			sourceTree = "<group>";
		};
		82DED4A429FC06BE000E733C /* Models */ = {
			isa = PBXGroup;
			children = (
				82DED4A529FC06D5000E733C /* NewsResponse.swift */,
				82DED4A729FC072B000E733C /* News.swift */,
				82DED4AC29FC075C000E733C /* Media.swift */,
				82DED4AE29FC076A000E733C /* MediaMetadata.swift */,
			);
			path = Models;
			sourceTree = "<group>";
		};
		82DED4A929FC073C000E733C /* Services */ = {
			isa = PBXGroup;
			children = (
				82DED4AA29FC074F000E733C /* ApiService.swift */,
			);
			path = Services;
			sourceTree = "<group>";
		};
		9981E13C2944A9A4F3EAE1A9 /* Frameworks */ = {
			isa = PBXGroup;
			children = (
				112BDF4117C21A875B6A9B51 /* Pods_NewsReader.framework */,
			);
			name = Frameworks;
			sourceTree = "<group>";
		};
		B6B05F64EE3D422A0AA1780B /* Pods */ = {
			isa = PBXGroup;
			children = (
				2765A46C03258573519BEE9E /* Pods-NewsReader.debug.xcconfig */,
				AA8CE29309EEA4228AD4B680 /* Pods-NewsReader.release.xcconfig */,
			);
			path = Pods;
			sourceTree = "<group>";
		};
/* End PBXGroup section */

/* Begin PBXNativeTarget section */
		82C3A83229FB3414006138AE /* NewsReader */ = {
			isa = PBXNativeTarget;
			buildConfigurationList = 82C3A84729FB3415006138AE /* Build configuration list for PBXNativeTarget "NewsReader" */;
			buildPhases = (
				EBE47E35C740A43C9D86CD89 /* [CP] Check Pods Manifest.lock */,
				82C3A82F29FB3414006138AE /* Sources */,
				82C3A83029FB3414006138AE /* Frameworks */,
				82C3A83129FB3414006138AE /* Resources */,
				B305AE17E67309F7E0A4A751 /* [CP] Embed Pods Frameworks */,
			);
			buildRules = (
			);
			dependencies = (
			);
			name = NewsReader;
			packageProductDependencies = (
				82A0460D29FFFF1A00EADCCD /* Alamofire */,
			);
			productName = NewsReader;
			productReference = 82C3A83329FB3414006138AE /* NewsReader.app */;
			productType = "com.apple.product-type.application";
		};
/* End PBXNativeTarget section */

/* Begin PBXProject section */
		82C3A82B29FB3414006138AE /* Project object */ = {
			isa = PBXProject;
			attributes = {
				BuildIndependentTargetsInParallel = 1;
				LastSwiftUpdateCheck = 1420;
				LastUpgradeCheck = 1420;
				TargetAttributes = {
					82C3A83229FB3414006138AE = {
						CreatedOnToolsVersion = 14.2;
					};
				};
			};
			buildConfigurationList = 82C3A82E29FB3414006138AE /* Build configuration list for PBXProject "NewsReader" */;
			compatibilityVersion = "Xcode 14.0";
			developmentRegion = en;
			hasScannedForEncodings = 0;
			knownRegions = (
				en,
				Base,
			);
			mainGroup = 82C3A82A29FB3414006138AE;
			packageReferences = (
				82A0460C29FFFF1A00EADCCD /* XCRemoteSwiftPackageReference "Alamofire" */,
			);
			productRefGroup = 82C3A83429FB3414006138AE /* Products */;
			projectDirPath = "";
			projectRoot = "";
			targets = (
				82C3A83229FB3414006138AE /* NewsReader */,
			);
		};
/* End PBXProject section */

/* Begin PBXResourcesBuildPhase section */
		82C3A83129FB3414006138AE /* Resources */ = {
			isa = PBXResourcesBuildPhase;
			buildActionMask = 2147483647;
			files = (
				82C3A84329FB3415006138AE /* LaunchScreen.storyboard in Resources */,
				82C3A84029FB3415006138AE /* Assets.xcassets in Resources */,
				82C3A83E29FB3414006138AE /* Main.storyboard in Resources */,
			);
			runOnlyForDeploymentPostprocessing = 0;
		};
/* End PBXResourcesBuildPhase section */

/* Begin PBXShellScriptBuildPhase section */
		B305AE17E67309F7E0A4A751 /* [CP] Embed Pods Frameworks */ = {
			isa = PBXShellScriptBuildPhase;
			buildActionMask = 2147483647;
			files = (
			);
			inputFileListPaths = (
				"${PODS_ROOT}/Target Support Files/Pods-NewsReader/Pods-NewsReader-frameworks-${CONFIGURATION}-input-files.xcfilelist",
			);
			name = "[CP] Embed Pods Frameworks";
			outputFileListPaths = (
				"${PODS_ROOT}/Target Support Files/Pods-NewsReader/Pods-NewsReader-frameworks-${CONFIGURATION}-output-files.xcfilelist",
			);
			runOnlyForDeploymentPostprocessing = 0;
			shellPath = /bin/sh;
			shellScript = "\"${PODS_ROOT}/Target Support Files/Pods-NewsReader/Pods-NewsReader-frameworks.sh\"\n";
			showEnvVarsInLog = 0;
		};
		EBE47E35C740A43C9D86CD89 /* [CP] Check Pods Manifest.lock */ = {
			isa = PBXShellScriptBuildPhase;
			buildActionMask = 2147483647;
			files = (
			);
			inputFileListPaths = (
			);
			inputPaths = (
				"${PODS_PODFILE_DIR_PATH}/Podfile.lock",
				"${PODS_ROOT}/Manifest.lock",
			);
			name = "[CP] Check Pods Manifest.lock";
			outputFileListPaths = (
			);
			outputPaths = (
				"$(DERIVED_FILE_DIR)/Pods-NewsReader-checkManifestLockResult.txt",
			);
			runOnlyForDeploymentPostprocessing = 0;
			shellPath = /bin/sh;
			shellScript = "diff \"${PODS_PODFILE_DIR_PATH}/Podfile.lock\" \"${PODS_ROOT}/Manifest.lock\" > /dev/null\nif [ $? != 0 ] ; then\n    # print error to STDERR\n    echo \"error: The sandbox is not in sync with the Podfile.lock. Run 'pod install' or update your CocoaPods installation.\" >&2\n    exit 1\nfi\n# This output is used by Xcode 'outputs' to avoid re-running this script phase.\necho \"SUCCESS\" > \"${SCRIPT_OUTPUT_FILE_0}\"\n";
			showEnvVarsInLog = 0;
		};
/* End PBXShellScriptBuildPhase section */

/* Begin PBXSourcesBuildPhase section */
		82C3A82F29FB3414006138AE /* Sources */ = {
			isa = PBXSourcesBuildPhase;
			buildActionMask = 2147483647;
			files = (
				82C3A83B29FB3414006138AE /* ViewController.swift in Sources */,
				82DED4A629FC06D5000E733C /* NewsResponse.swift in Sources */,
				82DED4AD29FC075C000E733C /* Media.swift in Sources */,
				8232F3A32A016095008E6408 /* TopNewsViewCell.swift in Sources */,
				82DED4AB29FC074F000E733C /* ApiService.swift in Sources */,
				827A66F42A015BC500EE55EC /* TopNewsListViewCell.swift in Sources */,
				82C3A83729FB3414006138AE /* AppDelegate.swift in Sources */,
				82A046112A00014300EADCCD /* HomeViewController.swift in Sources */,
				82DED4A829FC072B000E733C /* News.swift in Sources */,
				827A66F22A012B8800EE55EC /* NewsViewCell.swift in Sources */,
				82C3A83929FB3414006138AE /* SceneDelegate.swift in Sources */,
				82DED4AF29FC076A000E733C /* MediaMetadata.swift in Sources */,
			);
			runOnlyForDeploymentPostprocessing = 0;
		};
/* End PBXSourcesBuildPhase section */

/* Begin PBXVariantGroup section */
		82C3A83C29FB3414006138AE /* Main.storyboard */ = {
			isa = PBXVariantGroup;
			children = (
				82C3A83D29FB3414006138AE /* Base */,
			);
			name = Main.storyboard;
			sourceTree = "<group>";
		};
		82C3A84129FB3415006138AE /* LaunchScreen.storyboard */ = {
			isa = PBXVariantGroup;
			children = (
				82C3A84229FB3415006138AE /* Base */,
			);
			name = LaunchScreen.storyboard;
			sourceTree = "<group>";
		};
/* End PBXVariantGroup section */

/* Begin XCBuildConfiguration section */
		82C3A84529FB3415006138AE /* Debug */ = {
			isa = XCBuildConfiguration;
			buildSettings = {
				ALWAYS_SEARCH_USER_PATHS = NO;
				CLANG_ANALYZER_NONNULL = YES;
				CLANG_ANALYZER_NUMBER_OBJECT_CONVERSION = YES_AGGRESSIVE;
				CLANG_CXX_LANGUAGE_STANDARD = "gnu++20";
				CLANG_ENABLE_MODULES = YES;
				CLANG_ENABLE_OBJC_ARC = YES;
				CLANG_ENABLE_OBJC_WEAK = YES;
				CLANG_WARN_BLOCK_CAPTURE_AUTORELEASING = YES;
				CLANG_WARN_BOOL_CONVERSION = YES;
				CLANG_WARN_COMMA = YES;
				CLANG_WARN_CONSTANT_CONVERSION = YES;
				CLANG_WARN_DEPRECATED_OBJC_IMPLEMENTATIONS = YES;
				CLANG_WARN_DIRECT_OBJC_ISA_USAGE = YES_ERROR;
				CLANG_WARN_DOCUMENTATION_COMMENTS = YES;
				CLANG_WARN_EMPTY_BODY = YES;
				CLANG_WARN_ENUM_CONVERSION = YES;
				CLANG_WARN_INFINITE_RECURSION = YES;
				CLANG_WARN_INT_CONVERSION = YES;
				CLANG_WARN_NON_LITERAL_NULL_CONVERSION = YES;
				CLANG_WARN_OBJC_IMPLICIT_RETAIN_SELF = YES;
				CLANG_WARN_OBJC_LITERAL_CONVERSION = YES;
				CLANG_WARN_OBJC_ROOT_CLASS = YES_ERROR;
				CLANG_WARN_QUOTED_INCLUDE_IN_FRAMEWORK_HEADER = YES;
				CLANG_WARN_RANGE_LOOP_ANALYSIS = YES;
				CLANG_WARN_STRICT_PROTOTYPES = YES;
				CLANG_WARN_SUSPICIOUS_MOVE = YES;
				CLANG_WARN_UNGUARDED_AVAILABILITY = YES_AGGRESSIVE;
				CLANG_WARN_UNREACHABLE_CODE = YES;
				CLANG_WARN__DUPLICATE_METHOD_MATCH = YES;
				COPY_PHASE_STRIP = NO;
				DEBUG_INFORMATION_FORMAT = dwarf;
				ENABLE_STRICT_OBJC_MSGSEND = YES;
				ENABLE_TESTABILITY = YES;
				GCC_C_LANGUAGE_STANDARD = gnu11;
				GCC_DYNAMIC_NO_PIC = NO;
				GCC_NO_COMMON_BLOCKS = YES;
				GCC_OPTIMIZATION_LEVEL = 0;
				GCC_PREPROCESSOR_DEFINITIONS = (
					"DEBUG=1",
					"$(inherited)",
				);
				GCC_WARN_64_TO_32_BIT_CONVERSION = YES;
				GCC_WARN_ABOUT_RETURN_TYPE = YES_ERROR;
				GCC_WARN_UNDECLARED_SELECTOR = YES;
				GCC_WARN_UNINITIALIZED_AUTOS = YES_AGGRESSIVE;
				GCC_WARN_UNUSED_FUNCTION = YES;
				GCC_WARN_UNUSED_VARIABLE = YES;
				IPHONEOS_DEPLOYMENT_TARGET = 16.2;
				MTL_ENABLE_DEBUG_INFO = INCLUDE_SOURCE;
				MTL_FAST_MATH = YES;
				ONLY_ACTIVE_ARCH = YES;
				SDKROOT = iphoneos;
				SWIFT_ACTIVE_COMPILATION_CONDITIONS = DEBUG;
				SWIFT_OPTIMIZATION_LEVEL = "-Onone";
			};
			name = Debug;
		};
		82C3A84629FB3415006138AE /* Release */ = {
			isa = XCBuildConfiguration;
			buildSettings = {
				ALWAYS_SEARCH_USER_PATHS = NO;
				CLANG_ANALYZER_NONNULL = YES;
				CLANG_ANALYZER_NUMBER_OBJECT_CONVERSION = YES_AGGRESSIVE;
				CLANG_CXX_LANGUAGE_STANDARD = "gnu++20";
				CLANG_ENABLE_MODULES = YES;
				CLANG_ENABLE_OBJC_ARC = YES;
				CLANG_ENABLE_OBJC_WEAK = YES;
				CLANG_WARN_BLOCK_CAPTURE_AUTORELEASING = YES;
				CLANG_WARN_BOOL_CONVERSION = YES;
				CLANG_WARN_COMMA = YES;
				CLANG_WARN_CONSTANT_CONVERSION = YES;
				CLANG_WARN_DEPRECATED_OBJC_IMPLEMENTATIONS = YES;
				CLANG_WARN_DIRECT_OBJC_ISA_USAGE = YES_ERROR;
				CLANG_WARN_DOCUMENTATION_COMMENTS = YES;
				CLANG_WARN_EMPTY_BODY = YES;
				CLANG_WARN_ENUM_CONVERSION = YES;
				CLANG_WARN_INFINITE_RECURSION = YES;
				CLANG_WARN_INT_CONVERSION = YES;
				CLANG_WARN_NON_LITERAL_NULL_CONVERSION = YES;
				CLANG_WARN_OBJC_IMPLICIT_RETAIN_SELF = YES;
				CLANG_WARN_OBJC_LITERAL_CONVERSION = YES;
				CLANG_WARN_OBJC_ROOT_CLASS = YES_ERROR;
				CLANG_WARN_QUOTED_INCLUDE_IN_FRAMEWORK_HEADER = YES;
				CLANG_WARN_RANGE_LOOP_ANALYSIS = YES;
				CLANG_WARN_STRICT_PROTOTYPES = YES;
				CLANG_WARN_SUSPICIOUS_MOVE = YES;
				CLANG_WARN_UNGUARDED_AVAILABILITY = YES_AGGRESSIVE;
				CLANG_WARN_UNREACHABLE_CODE = YES;
				CLANG_WARN__DUPLICATE_METHOD_MATCH = YES;
				COPY_PHASE_STRIP = NO;
				DEBUG_INFORMATION_FORMAT = "dwarf-with-dsym";
				ENABLE_NS_ASSERTIONS = NO;
				ENABLE_STRICT_OBJC_MSGSEND = YES;
				GCC_C_LANGUAGE_STANDARD = gnu11;
				GCC_NO_COMMON_BLOCKS = YES;
				GCC_WARN_64_TO_32_BIT_CONVERSION = YES;
				GCC_WARN_ABOUT_RETURN_TYPE = YES_ERROR;
				GCC_WARN_UNDECLARED_SELECTOR = YES;
				GCC_WARN_UNINITIALIZED_AUTOS = YES_AGGRESSIVE;
				GCC_WARN_UNUSED_FUNCTION = YES;
				GCC_WARN_UNUSED_VARIABLE = YES;
				IPHONEOS_DEPLOYMENT_TARGET = 16.2;
				MTL_ENABLE_DEBUG_INFO = NO;
				MTL_FAST_MATH = YES;
				SDKROOT = iphoneos;
				SWIFT_COMPILATION_MODE = wholemodule;
				SWIFT_OPTIMIZATION_LEVEL = "-O";
				VALIDATE_PRODUCT = YES;
			};
			name = Release;
		};
		82C3A84829FB3415006138AE /* Debug */ = {
			isa = XCBuildConfiguration;
			baseConfigurationReference = 2765A46C03258573519BEE9E /* Pods-NewsReader.debug.xcconfig */;
			buildSettings = {
				ASSETCATALOG_COMPILER_APPICON_NAME = AppIcon;
				ASSETCATALOG_COMPILER_GLOBAL_ACCENT_COLOR_NAME = AccentColor;
				CODE_SIGN_STYLE = Automatic;
				CURRENT_PROJECT_VERSION = 1;
				DEVELOPMENT_TEAM = 5753FA29PH;
				GENERATE_INFOPLIST_FILE = YES;
				INFOPLIST_FILE = NewsReader/Info.plist;
				INFOPLIST_KEY_CFBundleDisplayName = "News Reader";
				INFOPLIST_KEY_UIApplicationSupportsIndirectInputEvents = YES;
				INFOPLIST_KEY_UILaunchStoryboardName = LaunchScreen;
				INFOPLIST_KEY_UIMainStoryboardFile = Main;
				INFOPLIST_KEY_UISupportedInterfaceOrientations_iPad = "UIInterfaceOrientationPortrait UIInterfaceOrientationPortraitUpsideDown UIInterfaceOrientationLandscapeLeft UIInterfaceOrientationLandscapeRight";
				INFOPLIST_KEY_UISupportedInterfaceOrientations_iPhone = "UIInterfaceOrientationPortrait UIInterfaceOrientationLandscapeLeft UIInterfaceOrientationLandscapeRight";
				IPHONEOS_DEPLOYMENT_TARGET = 12.0;
				LD_RUNPATH_SEARCH_PATHS = (
					"$(inherited)",
					"@executable_path/Frameworks",
				);
				MARKETING_VERSION = 1.0;
				PRODUCT_BUNDLE_IDENTIFIER = id.sulthon.NewsReader;
				PRODUCT_NAME = "$(TARGET_NAME)";
				SWIFT_EMIT_LOC_STRINGS = YES;
				SWIFT_VERSION = 5.0;
				TARGETED_DEVICE_FAMILY = "1,2";
			};
			name = Debug;
		};
		82C3A84929FB3415006138AE /* Release */ = {
			isa = XCBuildConfiguration;
			baseConfigurationReference = AA8CE29309EEA4228AD4B680 /* Pods-NewsReader.release.xcconfig */;
			buildSettings = {
				ASSETCATALOG_COMPILER_APPICON_NAME = AppIcon;
				ASSETCATALOG_COMPILER_GLOBAL_ACCENT_COLOR_NAME = AccentColor;
				CODE_SIGN_STYLE = Automatic;
				CURRENT_PROJECT_VERSION = 1;
				DEVELOPMENT_TEAM = 5753FA29PH;
				GENERATE_INFOPLIST_FILE = YES;
				INFOPLIST_FILE = NewsReader/Info.plist;
				INFOPLIST_KEY_CFBundleDisplayName = "News Reader";
				INFOPLIST_KEY_UIApplicationSupportsIndirectInputEvents = YES;
				INFOPLIST_KEY_UILaunchStoryboardName = LaunchScreen;
				INFOPLIST_KEY_UIMainStoryboardFile = Main;
				INFOPLIST_KEY_UISupportedInterfaceOrientations_iPad = "UIInterfaceOrientationPortrait UIInterfaceOrientationPortraitUpsideDown UIInterfaceOrientationLandscapeLeft UIInterfaceOrientationLandscapeRight";
				INFOPLIST_KEY_UISupportedInterfaceOrientations_iPhone = "UIInterfaceOrientationPortrait UIInterfaceOrientationLandscapeLeft UIInterfaceOrientationLandscapeRight";
				IPHONEOS_DEPLOYMENT_TARGET = 12.0;
				LD_RUNPATH_SEARCH_PATHS = (
					"$(inherited)",
					"@executable_path/Frameworks",
				);
				MARKETING_VERSION = 1.0;
				PRODUCT_BUNDLE_IDENTIFIER = id.sulthon.NewsReader;
				PRODUCT_NAME = "$(TARGET_NAME)";
				SWIFT_EMIT_LOC_STRINGS = YES;
				SWIFT_VERSION = 5.0;
				TARGETED_DEVICE_FAMILY = "1,2";
			};
			name = Release;
		};
/* End XCBuildConfiguration section */

/* Begin XCConfigurationList section */
		82C3A82E29FB3414006138AE /* Build configuration list for PBXProject "NewsReader" */ = {
			isa = XCConfigurationList;
			buildConfigurations = (
				82C3A84529FB3415006138AE /* Debug */,
				82C3A84629FB3415006138AE /* Release */,
			);
			defaultConfigurationIsVisible = 0;
			defaultConfigurationName = Release;
		};
		82C3A84729FB3415006138AE /* Build configuration list for PBXNativeTarget "NewsReader" */ = {
			isa = XCConfigurationList;
			buildConfigurations = (
				82C3A84829FB3415006138AE /* Debug */,
				82C3A84929FB3415006138AE /* Release */,
			);
			defaultConfigurationIsVisible = 0;
			defaultConfigurationName = Release;
		};
/* End XCConfigurationList section */

/* Begin XCRemoteSwiftPackageReference section */
		82A0460C29FFFF1A00EADCCD /* XCRemoteSwiftPackageReference "Alamofire" */ = {
			isa = XCRemoteSwiftPackageReference;
			repositoryURL = "https://github.com/Alamofire/Alamofire.git";
			requirement = {
				branch = master;
				kind = branch;
			};
		};
/* End XCRemoteSwiftPackageReference section */

/* Begin XCSwiftPackageProductDependency section */
		82A0460D29FFFF1A00EADCCD /* Alamofire */ = {
			isa = XCSwiftPackageProductDependency;
			package = 82A0460C29FFFF1A00EADCCD /* XCRemoteSwiftPackageReference "Alamofire" */;
			productName = Alamofire;
		};
/* End XCSwiftPackageProductDependency section */
	};
	rootObject = 82C3A82B29FB3414006138AE /* Project object */;
}
